
Microsoft Visual Studio Solution File, Format Version 11.00
# Visual Studio 2010
Project("{FAE04EC0-301F-11D3-BF4B-00C04F79EFBC}") = "SliverlightPodcast", "SliverlightPodcast\SliverlightPodcast.csproj", "{32801220-E48F-4BA5-B1B1-4CAF89DE661F}"
EndProject
Project("{FAE04EC0-301F-11D3-BF4B-00C04F79EFBC}") = "SliverlightPodcast.Web", "SliverlightPodcast.Web\SliverlightPodcast.Web.csproj", "{3C94A528-E41E-4D6E-90CC-404ED3AE562C}"
EndProject
Project("{FAE04EC0-301F-11D3-BF4B-00C04F79EFBC}") = "BusinessApplication1", "BusinessApplication1\BusinessApplication1.csproj", "{5CD43DD6-C1E9-4C5C-BCB2-B36F53F0E0D6}"
	ProjectSection(ProjectDependencies) = postProject
		{4DD381BC-387B-4381-B90F-301D05A6C8F7} = {4DD381BC-387B-4381-B90F-301D05A6C8F7}
	EndProjectSection
EndProject
Project("{FAE04EC0-301F-11D3-BF4B-00C04F79EFBC}") = "BusinessApplication1.Web", "BusinessApplication1.Web\BusinessApplication1.Web.csproj", "{4DD381BC-387B-4381-B90F-301D05A6C8F7}"
EndProject
Global
	GlobalSection(SubversionScc) = preSolution
		Svn-Managed = True
		Manager = AnkhSVN - Subversion Support for Visual Studio
	EndGlobalSection
	GlobalSection(SolutionConfigurationPlatforms) = preSolution
		Debug|Any CPU = Debug|Any CPU
		Release|Any CPU = Release|Any CPU
	EndGlobalSection
	GlobalSection(ProjectConfigurationPlatforms) = postSolution
		{32801220-E48F-4BA5-B1B1-4CAF89DE661F}.Debug|Any CPU.ActiveCfg = Debug|Any CPU
		{32801220-E48F-4BA5-B1B1-4CAF89DE661F}.Debug|Any CPU.Build.0 = Debug|Any CPU
		{32801220-E48F-4BA5-B1B1-4CAF89DE661F}.Release|Any CPU.ActiveCfg = Release|Any CPU
		{32801220-E48F-4BA5-B1B1-4CAF89DE661F}.Release|Any CPU.Build.0 = Release|Any CPU
		{3C94A528-E41E-4D6E-90CC-404ED3AE562C}.Debug|Any CPU.ActiveCfg = Debug|Any CPU
		{3C94A528-E41E-4D6E-90CC-404ED3AE562C}.Debug|Any CPU.Build.0 = Debug|Any CPU
		{3C94A528-E41E-4D6E-90CC-404ED3AE562C}.Release|Any CPU.ActiveCfg = Release|Any CPU
		{3C94A528-E41E-4D6E-90CC-404ED3AE562C}.Release|Any CPU.Build.0 = Release|Any CPU
		{5CD43DD6-C1E9-4C5C-BCB2-B36F53F0E0D6}.Debug|Any CPU.ActiveCfg = Debug|Any CPU
		{5CD43DD6-C1E9-4C5C-BCB2-B36F53F0E0D6}.Debug|Any CPU.Build.0 = Debug|Any CPU
		{5CD43DD6-C1E9-4C5C-BCB2-B36F53F0E0D6}.Release|Any CPU.ActiveCfg = Release|Any CPU
		{5CD43DD6-C1E9-4C5C-BCB2-B36F53F0E0D6}.Release|Any CPU.Build.0 = Release|Any CPU
		{4DD381BC-387B-4381-B90F-301D05A6C8F7}.Debug|Any CPU.ActiveCfg = Debug|Any CPU
		{4DD381BC-387B-4381-B90F-301D05A6C8F7}.Debug|Any CPU.Build.0 = Debug|Any CPU
		{4DD381BC-387B-4381-B90F-301D05A6C8F7}.Release|Any CPU.ActiveCfg = Release|Any CPU
		{4DD381BC-387B-4381-B90F-301D05A6C8F7}.Release|Any CPU.Build.0 = Release|Any CPU
	EndGlobalSection
	GlobalSection(SolutionProperties) = preSolution
		HideSolutionNode = FALSE
	EndGlobalSection
EndGlobal
